
Microsoft Visual Studio Solution File, Format Version 12.00
# Visual Studio Version 17
VisualStudioVersion = 17.9.34701.34
MinimumVisualStudioVersion = 10.0.40219.1
Project("{FAE04EC0-301F-11D3-BF4B-00C04F79EFBC}") = "User_UserApi", "User_UserApi\User_UserApi.csproj", "{8F23FC92-6CA0-4A47-BD6F-455A4E9ADA81}"
EndProject
Global
	GlobalSection(SolutionConfigurationPlatforms) = preSolution
		Debug|Any CPU = Debug|Any CPU
		Release|Any CPU = Release|Any CPU
	EndGlobalSection
	GlobalSection(ProjectConfigurationPlatforms) = postSolution
		{8F23FC92-6CA0-4A47-BD6F-455A4E9ADA81}.Debug|Any CPU.ActiveCfg = Debug|Any CPU
		{8F23FC92-6CA0-4A47-BD6F-455A4E9ADA81}.Debug|Any CPU.Build.0 = Debug|Any CPU
		{8F23FC92-6CA0-4A47-BD6F-455A4E9ADA81}.Release|Any CPU.ActiveCfg = Release|Any CPU
		{8F23FC92-6CA0-4A47-BD6F-455A4E9ADA81}.Release|Any CPU.Build.0 = Release|Any CPU
	EndGlobalSection
	GlobalSection(SolutionProperties) = preSolution
		HideSolutionNode = FALSE
	EndGlobalSection
	GlobalSection(ExtensibilityGlobals) = postSolution
		SolutionGuid = {89BC991E-2316-4935-BEB8-1F5323514F84}
	EndGlobalSection
EndGlobal
